
Microsoft Visual Studio Solution File, Format Version 12.00
# Visual Studio Version 16
VisualStudioVersion = 16.0.31112.23
MinimumVisualStudioVersion = 10.0.40219.1
Project("{FAE04EC0-301F-11D3-BF4B-00C04F79EFBC}") = "DynamicShortcuts", "DynamicShortcuts\DynamicShortcuts.csproj", "{FFAA7E53-48AE-4B50-BFEF-D9D0FBC51F77}"
EndProject
Global
	GlobalSection(SolutionConfigurationPlatforms) = preSolution
		Debug|Any CPU = Debug|Any CPU
		Debug|x64 = Debug|x64
		Release|Any CPU = Release|Any CPU
		Release|x64 = Release|x64
	EndGlobalSection
	GlobalSection(ProjectConfigurationPlatforms) = postSolution
		{FFAA7E53-48AE-4B50-BFEF-D9D0FBC51F77}.Debug|Any CPU.ActiveCfg = Debug|Any CPU
		{FFAA7E53-48AE-4B50-BFEF-D9D0FBC51F77}.Debug|Any CPU.Build.0 = Debug|Any CPU
		{FFAA7E53-48AE-4B50-BFEF-D9D0FBC51F77}.Debug|x64.ActiveCfg = Debug|x64
		{FFAA7E53-48AE-4B50-BFEF-D9D0FBC51F77}.Debug|x64.Build.0 = Debug|x64
		{FFAA7E53-48AE-4B50-BFEF-D9D0FBC51F77}.Release|Any CPU.ActiveCfg = Release|Any CPU
		{FFAA7E53-48AE-4B50-BFEF-D9D0FBC51F77}.Release|Any CPU.Build.0 = Release|Any CPU
		{FFAA7E53-48AE-4B50-BFEF-D9D0FBC51F77}.Release|x64.ActiveCfg = Release|x64
		{FFAA7E53-48AE-4B50-BFEF-D9D0FBC51F77}.Release|x64.Build.0 = Release|x64
	EndGlobalSection
	GlobalSection(SolutionProperties) = preSolution
		HideSolutionNode = FALSE
	EndGlobalSection
	GlobalSection(ExtensibilityGlobals) = postSolution
		SolutionGuid = {5D1580BB-1B62-4D1C-8F2B-DAC5EBEB4D7E}
	EndGlobalSection
EndGlobal
